// !$*UTF8*$!
{
	archiveVersion = 1;
	classes = {
	};
	objectVersion = 51;
	objects = {

/* Begin PBXBuildFile section */
		AC2075C525D03BB9005E6AAD /* AppDelegate.swift in Sources */ = {isa = PBXBuildFile; fileRef = AC2075C425D03BB9005E6AAD /* AppDelegate.swift */; };
		AC2075C725D03BB9005E6AAD /* SceneDelegate.swift in Sources */ = {isa = PBXBuildFile; fileRef = AC2075C625D03BB9005E6AAD /* SceneDelegate.swift */; };
		AC2075C925D03BB9005E6AAD /* ViewController.swift in Sources */ = {isa = PBXBuildFile; fileRef = AC2075C825D03BB9005E6AAD /* ViewController.swift */; };
		AC2075CC25D03BB9005E6AAD /* Main.storyboard in Resources */ = {isa = PBXBuildFile; fileRef = AC2075CA25D03BB9005E6AAD /* Main.storyboard */; };
		AC2075CE25D03BBA005E6AAD /* Assets.xcassets in Resources */ = {isa = PBXBuildFile; fileRef = AC2075CD25D03BBA005E6AAD /* Assets.xcassets */; };
		AC2075D125D03BBA005E6AAD /* LaunchScreen.storyboard in Resources */ = {isa = PBXBuildFile; fileRef = AC2075CF25D03BBA005E6AAD /* LaunchScreen.storyboard */; };
		AC2075DA25D03BE3005E6AAD /* GoogleService-Info.plist in Resources */ = {isa = PBXBuildFile; fileRef = AC2075D925D03BE3005E6AAD /* GoogleService-Info.plist */; };
		AC2C4BAB25D9264D0004BB43 /* AppError.swift in Sources */ = {isa = PBXBuildFile; fileRef = AC2C4BAA25D9264D0004BB43 /* AppError.swift */; };
		AC2C4BAF25D927DC0004BB43 /* ViewController+Ext.swift in Sources */ = {isa = PBXBuildFile; fileRef = AC2C4BAE25D927DC0004BB43 /* ViewController+Ext.swift */; };
		F40553089C70A0C6DB93908F /* Pods_Lesson8.framework in Frameworks */ = {isa = PBXBuildFile; fileRef = FCDD5051A1B5E1489B979C77 /* Pods_Lesson8.framework */; };
/* End PBXBuildFile section */

/* Begin PBXFileReference section */
		3D6C7903B8831DD8D71E7F7C /* Pods-Lesson8.debug.xcconfig */ = {isa = PBXFileReference; includeInIndex = 1; lastKnownFileType = text.xcconfig; name = "Pods-Lesson8.debug.xcconfig"; path = "Target Support Files/Pods-Lesson8/Pods-Lesson8.debug.xcconfig"; sourceTree = "<group>"; };
		AC2075C125D03BB9005E6AAD /* Lesson8.app */ = {isa = PBXFileReference; explicitFileType = wrapper.application; includeInIndex = 0; path = Lesson8.app; sourceTree = BUILT_PRODUCTS_DIR; };
		AC2075C425D03BB9005E6AAD /* AppDelegate.swift */ = {isa = PBXFileReference; lastKnownFileType = sourcecode.swift; path = AppDelegate.swift; sourceTree = "<group>"; };
		AC2075C625D03BB9005E6AAD /* SceneDelegate.swift */ = {isa = PBXFileReference; lastKnownFileType = sourcecode.swift; path = SceneDelegate.swift; sourceTree = "<group>"; };
		AC2075C825D03BB9005E6AAD /* ViewController.swift */ = {isa = PBXFileReference; lastKnownFileType = sourcecode.swift; path = ViewController.swift; sourceTree = "<group>"; };
		AC2075CB25D03BB9005E6AAD /* Base */ = {isa = PBXFileReference; lastKnownFileType = file.storyboard; name = Base; path = Base.lproj/Main.storyboard; sourceTree = "<group>"; };
		AC2075CD25D03BBA005E6AAD /* Assets.xcassets */ = {isa = PBXFileReference; lastKnownFileType = folder.assetcatalog; path = Assets.xcassets; sourceTree = "<group>"; };
		AC2075D025D03BBA005E6AAD /* Base */ = {isa = PBXFileReference; lastKnownFileType = file.storyboard; name = Base; path = Base.lproj/LaunchScreen.storyboard; sourceTree = "<group>"; };
		AC2075D225D03BBA005E6AAD /* Info.plist */ = {isa = PBXFileReference; lastKnownFileType = text.plist.xml; path = Info.plist; sourceTree = "<group>"; };
		AC2075D925D03BE3005E6AAD /* GoogleService-Info.plist */ = {isa = PBXFileReference; fileEncoding = 4; lastKnownFileType = text.plist.xml; path = "GoogleService-Info.plist"; sourceTree = "<group>"; };
		AC2C4BAA25D9264D0004BB43 /* AppError.swift */ = {isa = PBXFileReference; lastKnownFileType = sourcecode.swift; path = AppError.swift; sourceTree = "<group>"; };
		AC2C4BAE25D927DC0004BB43 /* ViewController+Ext.swift */ = {isa = PBXFileReference; lastKnownFileType = sourcecode.swift; path = "ViewController+Ext.swift"; sourceTree = "<group>"; };
		C009D17893B48923FB44AB6A /* Pods-Lesson8.release.xcconfig */ = {isa = PBXFileReference; includeInIndex = 1; lastKnownFileType = text.xcconfig; name = "Pods-Lesson8.release.xcconfig"; path = "Target Support Files/Pods-Lesson8/Pods-Lesson8.release.xcconfig"; sourceTree = "<group>"; };
		FCDD5051A1B5E1489B979C77 /* Pods_Lesson8.framework */ = {isa = PBXFileReference; explicitFileType = wrapper.framework; includeInIndex = 0; path = Pods_Lesson8.framework; sourceTree = BUILT_PRODUCTS_DIR; };
/* End PBXFileReference section */

/* Begin PBXFrameworksBuildPhase section */
		AC2075BE25D03BB9005E6AAD /* Frameworks */ = {
			isa = PBXFrameworksBuildPhase;
			buildActionMask = 2147483647;
			files = (
				F40553089C70A0C6DB93908F /* Pods_Lesson8.framework in Frameworks */,
			);
			runOnlyForDeploymentPostprocessing = 0;
		};
/* End PBXFrameworksBuildPhase section */

/* Begin PBXGroup section */
		47AEDA919A1B454E15B57040 /* Frameworks */ = {
			isa = PBXGroup;
			children = (
				FCDD5051A1B5E1489B979C77 /* Pods_Lesson8.framework */,
			);
			name = Frameworks;
			sourceTree = "<group>";
		};
		AC2075B825D03BB9005E6AAD = {
			isa = PBXGroup;
			children = (
				AC2075C325D03BB9005E6AAD /* Lesson8 */,
				AC2075C225D03BB9005E6AAD /* Products */,
				E1FB9DDF65CED91385F79358 /* Pods */,
				47AEDA919A1B454E15B57040 /* Frameworks */,
			);
			sourceTree = "<group>";
		};
		AC2075C225D03BB9005E6AAD /* Products */ = {
			isa = PBXGroup;
			children = (
				AC2075C125D03BB9005E6AAD /* Lesson8.app */,
			);
			name = Products;
			sourceTree = "<group>";
		};
		AC2075C325D03BB9005E6AAD /* Lesson8 */ = {
			isa = PBXGroup;
			children = (
				AC2C4BAD25D927C10004BB43 /* Extensions */,
				AC2075C425D03BB9005E6AAD /* AppDelegate.swift */,
				AC2075C625D03BB9005E6AAD /* SceneDelegate.swift */,
				AC2075C825D03BB9005E6AAD /* ViewController.swift */,
				AC2075CA25D03BB9005E6AAD /* Main.storyboard */,
				AC2075CD25D03BBA005E6AAD /* Assets.xcassets */,
				AC2075CF25D03BBA005E6AAD /* LaunchScreen.storyboard */,
				AC2075D925D03BE3005E6AAD /* GoogleService-Info.plist */,
				AC2075D225D03BBA005E6AAD /* Info.plist */,
				AC2C4BAA25D9264D0004BB43 /* AppError.swift */,
			);
			path = Lesson8;
			sourceTree = "<group>";
		};
		AC2C4BAD25D927C10004BB43 /* Extensions */ = {
			isa = PBXGroup;
			children = (
				AC2C4BAE25D927DC0004BB43 /* ViewController+Ext.swift */,
			);
			path = Extensions;
			sourceTree = "<group>";
		};
		E1FB9DDF65CED91385F79358 /* Pods */ = {
			isa = PBXGroup;
			children = (
				3D6C7903B8831DD8D71E7F7C /* Pods-Lesson8.debug.xcconfig */,
				C009D17893B48923FB44AB6A /* Pods-Lesson8.release.xcconfig */,
			);
			path = Pods;
			sourceTree = "<group>";
		};
/* End PBXGroup section */

/* Begin PBXNativeTarget section */
		AC2075C025D03BB9005E6AAD /* Lesson8 */ = {
			isa = PBXNativeTarget;
			buildConfigurationList = AC2075D525D03BBA005E6AAD /* Build configuration list for PBXNativeTarget "Lesson8" */;
			buildPhases = (
				F42B14B77557CEC70C794425 /* [CP] Check Pods Manifest.lock */,
				AC2075BD25D03BB9005E6AAD /* Sources */,
				AC2075BE25D03BB9005E6AAD /* Frameworks */,
				AC2075BF25D03BB9005E6AAD /* Resources */,
				9BDC3B5FA05327662C80DA6A /* [CP] Embed Pods Frameworks */,
			);
			buildRules = (
			);
			dependencies = (
			);
			name = Lesson8;
			productName = Lesson8;
			productReference = AC2075C125D03BB9005E6AAD /* Lesson8.app */;
			productType = "com.apple.product-type.application";
		};
/* End PBXNativeTarget section */

/* Begin PBXProject section */
		AC2075B925D03BB9005E6AAD /* Project object */ = {
			isa = PBXProject;
			attributes = {
				LastSwiftUpdateCheck = 1240;
				LastUpgradeCheck = 1240;
				TargetAttributes = {
					AC2075C025D03BB9005E6AAD = {
						CreatedOnToolsVersion = 12.4;
					};
				};
			};
			buildConfigurationList = AC2075BC25D03BB9005E6AAD /* Build configuration list for PBXProject "Lesson8" */;
			compatibilityVersion = "Xcode 9.3";
			developmentRegion = en;
			hasScannedForEncodings = 0;
			knownRegions = (
				en,
				Base,
			);
			mainGroup = AC2075B825D03BB9005E6AAD;
			productRefGroup = AC2075C225D03BB9005E6AAD /* Products */;
			projectDirPath = "";
			projectRoot = "";
			targets = (
				AC2075C025D03BB9005E6AAD /* Lesson8 */,
			);
		};
/* End PBXProject section */

/* Begin PBXResourcesBuildPhase section */
		AC2075BF25D03BB9005E6AAD /* Resources */ = {
			isa = PBXResourcesBuildPhase;
			buildActionMask = 2147483647;
			files = (
				AC2075D125D03BBA005E6AAD /* LaunchScreen.storyboard in Resources */,
				AC2075DA25D03BE3005E6AAD /* GoogleService-Info.plist in Resources */,
				AC2075CE25D03BBA005E6AAD /* Assets.xcassets in Resources */,
				AC2075CC25D03BB9005E6AAD /* Main.storyboard in Resources */,
			);
			runOnlyForDeploymentPostprocessing = 0;
		};
/* End PBXResourcesBuildPhase section */

/* Begin PBXShellScriptBuildPhase section */
		9BDC3B5FA05327662C80DA6A /* [CP] Embed Pods Frameworks */ = {
			isa = PBXShellScriptBuildPhase;
			buildActionMask = 2147483647;
			files = (
			);
			inputFileListPaths = (
				"${PODS_ROOT}/Target Support Files/Pods-Lesson8/Pods-Lesson8-frameworks-${CONFIGURATION}-input-files.xcfilelist",
			);
			name = "[CP] Embed Pods Frameworks";
			outputFileListPaths = (
				"${PODS_ROOT}/Target Support Files/Pods-Lesson8/Pods-Lesson8-frameworks-${CONFIGURATION}-output-files.xcfilelist",
			);
			runOnlyForDeploymentPostprocessing = 0;
			shellPath = /bin/sh;
			shellScript = "\"${PODS_ROOT}/Target Support Files/Pods-Lesson8/Pods-Lesson8-frameworks.sh\"\n";
			showEnvVarsInLog = 0;
		};
		F42B14B77557CEC70C794425 /* [CP] Check Pods Manifest.lock */ = {
			isa = PBXShellScriptBuildPhase;
			buildActionMask = 2147483647;
			files = (
			);
			inputFileListPaths = (
			);
			inputPaths = (
				"${PODS_PODFILE_DIR_PATH}/Podfile.lock",
				"${PODS_ROOT}/Manifest.lock",
			);
			name = "[CP] Check Pods Manifest.lock";
			outputFileListPaths = (
			);
			outputPaths = (
				"$(DERIVED_FILE_DIR)/Pods-Lesson8-checkManifestLockResult.txt",
			);
			runOnlyForDeploymentPostprocessing = 0;
			shellPath = /bin/sh;
			shellScript = "diff \"${PODS_PODFILE_DIR_PATH}/Podfile.lock\" \"${PODS_ROOT}/Manifest.lock\" > /dev/null\nif [ $? != 0 ] ; then\n    # print error to STDERR\n    echo \"error: The sandbox is not in sync with the Podfile.lock. Run 'pod install' or update your CocoaPods installation.\" >&2\n    exit 1\nfi\n# This output is used by Xcode 'outputs' to avoid re-running this script phase.\necho \"SUCCESS\" > \"${SCRIPT_OUTPUT_FILE_0}\"\n";
			showEnvVarsInLog = 0;
		};
/* End PBXShellScriptBuildPhase section */

/* Begin PBXSourcesBuildPhase section */
		AC2075BD25D03BB9005E6AAD /* Sources */ = {
			isa = PBXSourcesBuildPhase;
			buildActionMask = 2147483647;
			files = (
				AC2C4BAB25D9264D0004BB43 /* AppError.swift in Sources */,
				AC2075C925D03BB9005E6AAD /* ViewController.swift in Sources */,
				AC2075C525D03BB9005E6AAD /* AppDelegate.swift in Sources */,
				AC2075C725D03BB9005E6AAD /* SceneDelegate.swift in Sources */,
				AC2C4BAF25D927DC0004BB43 /* ViewController+Ext.swift in Sources */,
			);
			runOnlyForDeploymentPostprocessing = 0;
		};
/* End PBXSourcesBuildPhase section */

/* Begin PBXVariantGroup section */
		AC2075CA25D03BB9005E6AAD /* Main.storyboard */ = {
			isa = PBXVariantGroup;
			children = (
				AC2075CB25D03BB9005E6AAD /* Base */,
			);
			name = Main.storyboard;
			sourceTree = "<group>";
		};
		AC2075CF25D03BBA005E6AAD /* LaunchScreen.storyboard */ = {
			isa = PBXVariantGroup;
			children = (
				AC2075D025D03BBA005E6AAD /* Base */,
			);
			name = LaunchScreen.storyboard;
			sourceTree = "<group>";
		};
/* End PBXVariantGroup section */

/* Begin XCBuildConfiguration section */
		AC2075D325D03BBA005E6AAD /* Debug */ = {
			isa = XCBuildConfiguration;
			buildSettings = {
				ALWAYS_SEARCH_USER_PATHS = NO;
				CLANG_ANALYZER_NONNULL = YES;
				CLANG_ANALYZER_NUMBER_OBJECT_CONVERSION = YES_AGGRESSIVE;
				CLANG_CXX_LANGUAGE_STANDARD = "gnu++14";
				CLANG_CXX_LIBRARY = "libc++";
				CLANG_ENABLE_MODULES = YES;
				CLANG_ENABLE_OBJC_ARC = YES;
				CLANG_ENABLE_OBJC_WEAK = YES;
				CLANG_WARN_BLOCK_CAPTURE_AUTORELEASING = YES;
				CLANG_WARN_BOOL_CONVERSION = YES;
				CLANG_WARN_COMMA = YES;
				CLANG_WARN_CONSTANT_CONVERSION = YES;
				CLANG_WARN_DEPRECATED_OBJC_IMPLEMENTATIONS = YES;
				CLANG_WARN_DIRECT_OBJC_ISA_USAGE = YES_ERROR;
				CLANG_WARN_DOCUMENTATION_COMMENTS = YES;
				CLANG_WARN_EMPTY_BODY = YES;
				CLANG_WARN_ENUM_CONVERSION = YES;
				CLANG_WARN_INFINITE_RECURSION = YES;
				CLANG_WARN_INT_CONVERSION = YES;
				CLANG_WARN_NON_LITERAL_NULL_CONVERSION = YES;
				CLANG_WARN_OBJC_IMPLICIT_RETAIN_SELF = YES;
				CLANG_WARN_OBJC_LITERAL_CONVERSION = YES;
				CLANG_WARN_OBJC_ROOT_CLASS = YES_ERROR;
				CLANG_WARN_QUOTED_INCLUDE_IN_FRAMEWORK_HEADER = YES;
				CLANG_WARN_RANGE_LOOP_ANALYSIS = YES;
				CLANG_WARN_STRICT_PROTOTYPES = YES;
				CLANG_WARN_SUSPICIOUS_MOVE = YES;
				CLANG_WARN_UNGUARDED_AVAILABILITY = YES_AGGRESSIVE;
				CLANG_WARN_UNREACHABLE_CODE = YES;
				CLANG_WARN__DUPLICATE_METHOD_MATCH = YES;
				COPY_PHASE_STRIP = NO;
				DEBUG_INFORMATION_FORMAT = dwarf;
				ENABLE_STRICT_OBJC_MSGSEND = YES;
				ENABLE_TESTABILITY = YES;
				GCC_C_LANGUAGE_STANDARD = gnu11;
				GCC_DYNAMIC_NO_PIC = NO;
				GCC_NO_COMMON_BLOCKS = YES;
				GCC_OPTIMIZATION_LEVEL = 0;
				GCC_PREPROCESSOR_DEFINITIONS = (
					"DEBUG=1",
					"$(inherited)",
				);
				GCC_WARN_64_TO_32_BIT_CONVERSION = YES;
				GCC_WARN_ABOUT_RETURN_TYPE = YES_ERROR;
				GCC_WARN_UNDECLARED_SELECTOR = YES;
				GCC_WARN_UNINITIALIZED_AUTOS = YES_AGGRESSIVE;
				GCC_WARN_UNUSED_FUNCTION = YES;
				GCC_WARN_UNUSED_VARIABLE = YES;
				IPHONEOS_DEPLOYMENT_TARGET = 14.4;
				MTL_ENABLE_DEBUG_INFO = INCLUDE_SOURCE;
				MTL_FAST_MATH = YES;
				ONLY_ACTIVE_ARCH = YES;
				SDKROOT = iphoneos;
				SWIFT_ACTIVE_COMPILATION_CONDITIONS = DEBUG;
				SWIFT_OPTIMIZATION_LEVEL = "-Onone";
			};
			name = Debug;
		};
		AC2075D425D03BBA005E6AAD /* Release */ = {
			isa = XCBuildConfiguration;
			buildSettings = {
				ALWAYS_SEARCH_USER_PATHS = NO;
				CLANG_ANALYZER_NONNULL = YES;
				CLANG_ANALYZER_NUMBER_OBJECT_CONVERSION = YES_AGGRESSIVE;
				CLANG_CXX_LANGUAGE_STANDARD = "gnu++14";
				CLANG_CXX_LIBRARY = "libc++";
				CLANG_ENABLE_MODULES = YES;
				CLANG_ENABLE_OBJC_ARC = YES;
				CLANG_ENABLE_OBJC_WEAK = YES;
				CLANG_WARN_BLOCK_CAPTURE_AUTORELEASING = YES;
				CLANG_WARN_BOOL_CONVERSION = YES;
				CLANG_WARN_COMMA = YES;
				CLANG_WARN_CONSTANT_CONVERSION = YES;
				CLANG_WARN_DEPRECATED_OBJC_IMPLEMENTATIONS = YES;
				CLANG_WARN_DIRECT_OBJC_ISA_USAGE = YES_ERROR;
				CLANG_WARN_DOCUMENTATION_COMMENTS = YES;
				CLANG_WARN_EMPTY_BODY = YES;
				CLANG_WARN_ENUM_CONVERSION = YES;
				CLANG_WARN_INFINITE_RECURSION = YES;
				CLANG_WARN_INT_CONVERSION = YES;
				CLANG_WARN_NON_LITERAL_NULL_CONVERSION = YES;
				CLANG_WARN_OBJC_IMPLICIT_RETAIN_SELF = YES;
				CLANG_WARN_OBJC_LITERAL_CONVERSION = YES;
				CLANG_WARN_OBJC_ROOT_CLASS = YES_ERROR;
				CLANG_WARN_QUOTED_INCLUDE_IN_FRAMEWORK_HEADER = YES;
				CLANG_WARN_RANGE_LOOP_ANALYSIS = YES;
				CLANG_WARN_STRICT_PROTOTYPES = YES;
				CLANG_WARN_SUSPICIOUS_MOVE = YES;
				CLANG_WARN_UNGUARDED_AVAILABILITY = YES_AGGRESSIVE;
				CLANG_WARN_UNREACHABLE_CODE = YES;
				CLANG_WARN__DUPLICATE_METHOD_MATCH = YES;
				COPY_PHASE_STRIP = NO;
				DEBUG_INFORMATION_FORMAT = "dwarf-with-dsym";
				ENABLE_NS_ASSERTIONS = NO;
				ENABLE_STRICT_OBJC_MSGSEND = YES;
				GCC_C_LANGUAGE_STANDARD = gnu11;
				GCC_NO_COMMON_BLOCKS = YES;
				GCC_WARN_64_TO_32_BIT_CONVERSION = YES;
				GCC_WARN_ABOUT_RETURN_TYPE = YES_ERROR;
				GCC_WARN_UNDECLARED_SELECTOR = YES;
				GCC_WARN_UNINITIALIZED_AUTOS = YES_AGGRESSIVE;
				GCC_WARN_UNUSED_FUNCTION = YES;
				GCC_WARN_UNUSED_VARIABLE = YES;
				IPHONEOS_DEPLOYMENT_TARGET = 14.4;
				MTL_ENABLE_DEBUG_INFO = NO;
				MTL_FAST_MATH = YES;
				SDKROOT = iphoneos;
				SWIFT_COMPILATION_MODE = wholemodule;
				SWIFT_OPTIMIZATION_LEVEL = "-O";
				VALIDATE_PRODUCT = YES;
			};
			name = Release;
		};
		AC2075D625D03BBA005E6AAD /* Debug */ = {
			isa = XCBuildConfiguration;
			baseConfigurationReference = 3D6C7903B8831DD8D71E7F7C /* Pods-Lesson8.debug.xcconfig */;
			buildSettings = {
				ASSETCATALOG_COMPILER_APPICON_NAME = AppIcon;
				ASSETCATALOG_COMPILER_GLOBAL_ACCENT_COLOR_NAME = AccentColor;
				CODE_SIGN_STYLE = Automatic;
				DEVELOPMENT_TEAM = 2NNAXW3732;
				INFOPLIST_FILE = Lesson8/Info.plist;
				LD_RUNPATH_SEARCH_PATHS = (
					"$(inherited)",
					"@executable_path/Frameworks",
				);
				PRODUCT_BUNDLE_IDENTIFIER = Artem.Lesson8;
				PRODUCT_NAME = "$(TARGET_NAME)";
				SWIFT_VERSION = 5.0;
				TARGETED_DEVICE_FAMILY = "1,2";
			};
			name = Debug;
		};
		AC2075D725D03BBA005E6AAD /* Release */ = {
			isa = XCBuildConfiguration;
			baseConfigurationReference = C009D17893B48923FB44AB6A /* Pods-Lesson8.release.xcconfig */;
			buildSettings = {
				ASSETCATALOG_COMPILER_APPICON_NAME = AppIcon;
				ASSETCATALOG_COMPILER_GLOBAL_ACCENT_COLOR_NAME = AccentColor;
				CODE_SIGN_STYLE = Automatic;
				DEVELOPMENT_TEAM = 2NNAXW3732;
				INFOPLIST_FILE = Lesson8/Info.plist;
				LD_RUNPATH_SEARCH_PATHS = (
					"$(inherited)",
					"@executable_path/Frameworks",
				);
				PRODUCT_BUNDLE_IDENTIFIER = Artem.Lesson8;
				PRODUCT_NAME = "$(TARGET_NAME)";
				SWIFT_VERSION = 5.0;
				TARGETED_DEVICE_FAMILY = "1,2";
			};
			name = Release;
		};
/* End XCBuildConfiguration section */

/* Begin XCConfigurationList section */
		AC2075BC25D03BB9005E6AAD /* Build configuration list for PBXProject "Lesson8" */ = {
			isa = XCConfigurationList;
			buildConfigurations = (
				AC2075D325D03BBA005E6AAD /* Debug */,
				AC2075D425D03BBA005E6AAD /* Release */,
			);
			defaultConfigurationIsVisible = 0;
			defaultConfigurationName = Release;
		};
		AC2075D525D03BBA005E6AAD /* Build configuration list for PBXNativeTarget "Lesson8" */ = {
			isa = XCConfigurationList;
			buildConfigurations = (
				AC2075D625D03BBA005E6AAD /* Debug */,
				AC2075D725D03BBA005E6AAD /* Release */,
			);
			defaultConfigurationIsVisible = 0;
			defaultConfigurationName = Release;
		};
/* End XCConfigurationList section */
	};
	rootObject = AC2075B925D03BB9005E6AAD /* Project object */;
}
